name: temporary frontend pilot validation

on:
  push:
    branches: [research/frontend-presentation-provider-v1]

jobs:
  validate:
    if: github.actor != 'github-actions[bot]'
    runs-on: ubuntu-latest
    defaults:
      run:
        working-directory: web
    steps:
      - uses: actions/checkout@v5
      - uses: actions/setup-node@v4
        with:
          node-version: "22"
          cache: npm
          cache-dependency-path: web/package-lock.json
      - run: npm ci --no-audit --no-fund
      - run: npm run check
      - run: npm run build
